<?xml version="1.0" encoding="utf-8"?>
<Project ToolsVersion="4.0" xmlns="http://schemas.microsoft.com/developer/msbuild/2003">
  <ItemGroup>
    <ClCompile Include="com_environment.cpp">
      <Filter>Source Files</Filter>
    </ClCompile>
    <ClCompile Include="com_exception.cpp">
      <Filter>Source Files</Filter>
    </ClCompile>
    <ClCompile Include="main.cpp">
      <Filter>Source Files</Filter>
    </ClCompile>
    <ClCompile Include="simple_net_framework_object.cpp">
      <Filter>Source Files</Filter>
    </ClCompile>
    <ClCompile Include="simple_object.cpp">
      <Filter>Source Files</Filter>
    </ClCompile>
  </ItemGroup>
  <ItemGroup>
    <ClInclude Include="com_environment.h">
      <Filter>Header Files</Filter>
    </ClInclude>
    <ClInclude Include="com_exception.h">
      <Filter>Header Files</Filter>
    </ClInclude>
    <ClInclude Include="common.h">
      <Filter>Header Files</Filter>
    </ClInclude>
    <ClInclude Include="simple_net_framework_object.h">
      <Filter>Header Files</Filter>
    </ClInclude>
    <ClInclude Include="simple_object.h">
      <Filter>Header Files</Filter>
    </ClInclude>
  </ItemGroup>
  <ItemGroup>
    <Filter Include="Header Files">
      <UniqueIdentifier>{0a52cc3b-696a-4f4b-8e65-c068f32c9478}</UniqueIdentifier>
    </Filter>
    <Filter Include="Source Files">
      <UniqueIdentifier>{5b6cc504-03b9-45da-960e-6ef79a1efdd5}</UniqueIdentifier>
    </Filter>
  </ItemGroup>
</Project>